
Microsoft Visual Studio Solution File, Format Version 12.00
# Visual Studio Version 16
VisualStudioVersion = 16.0.30204.135
MinimumVisualStudioVersion = 10.0.40219.1
Project("{FAE04EC0-301F-11D3-BF4B-00C04F79EFBC}") = "TitleGenerator", "TitleGenerator\TitleGenerator.csproj", "{C8737BB6-C663-4CC6-AF3B-E9B5924106AC}"
EndProject
Project("{FAE04EC0-301F-11D3-BF4B-00C04F79EFBC}") = "TitleGeneratorAPI", "TitleGeneratorAPI\TitleGeneratorAPI.csproj", "{0E280D14-01CA-4654-A735-95A5F04C5690}"
EndProject
Global
	GlobalSection(SolutionConfigurationPlatforms) = preSolution
		Debug|Any CPU = Debug|Any CPU
		Release|Any CPU = Release|Any CPU
	EndGlobalSection
	GlobalSection(ProjectConfigurationPlatforms) = postSolution
		{C8737BB6-C663-4CC6-AF3B-E9B5924106AC}.Debug|Any CPU.ActiveCfg = Debug|Any CPU
		{C8737BB6-C663-4CC6-AF3B-E9B5924106AC}.Debug|Any CPU.Build.0 = Debug|Any CPU
		{C8737BB6-C663-4CC6-AF3B-E9B5924106AC}.Release|Any CPU.ActiveCfg = Release|Any CPU
		{C8737BB6-C663-4CC6-AF3B-E9B5924106AC}.Release|Any CPU.Build.0 = Release|Any CPU
		{0E280D14-01CA-4654-A735-95A5F04C5690}.Debug|Any CPU.ActiveCfg = Debug|Any CPU
		{0E280D14-01CA-4654-A735-95A5F04C5690}.Debug|Any CPU.Build.0 = Debug|Any CPU
		{0E280D14-01CA-4654-A735-95A5F04C5690}.Release|Any CPU.ActiveCfg = Release|Any CPU
		{0E280D14-01CA-4654-A735-95A5F04C5690}.Release|Any CPU.Build.0 = Release|Any CPU
	EndGlobalSection
	GlobalSection(SolutionProperties) = preSolution
		HideSolutionNode = FALSE
	EndGlobalSection
	GlobalSection(ExtensibilityGlobals) = postSolution
		SolutionGuid = {257AE737-9F92-4375-8518-1D3687876711}
	EndGlobalSection
EndGlobal
